// !$*UTF8*$!
{
	archiveVersion = 1;
	classes = {
	};
	objectVersion = 46;
	objects = {

/* Begin PBXBuildFile section */
		F5E4A4F21D16F97700F63762 /* main.m in Sources */ = {isa = PBXBuildFile; fileRef = F5E4A4F11D16F97700F63762 /* main.m */; };
		F5E4A4F51D16F97700F63762 /* AppDelegate.m in Sources */ = {isa = PBXBuildFile; fileRef = F5E4A4F41D16F97700F63762 /* AppDelegate.m */; };
		F5E4A4F81D16F97700F63762 /* ViewController.m in Sources */ = {isa = PBXBuildFile; fileRef = F5E4A4F71D16F97700F63762 /* ViewController.m */; };
		F5E4A4FB1D16F97700F63762 /* Main.storyboard in Resources */ = {isa = PBXBuildFile; fileRef = F5E4A4F91D16F97700F63762 /* Main.storyboard */; };
		F5E4A4FD1D16F97700F63762 /* Assets.xcassets in Resources */ = {isa = PBXBuildFile; fileRef = F5E4A4FC1D16F97700F63762 /* Assets.xcassets */; };
		F5E4A5001D16F97700F63762 /* LaunchScreen.storyboard in Resources */ = {isa = PBXBuildFile; fileRef = F5E4A4FE1D16F97700F63762 /* LaunchScreen.storyboard */; };
		F5E4A5181D16FB6C00F63762 /* RNCryptor.m in Sources */ = {isa = PBXBuildFile; fileRef = F5E4A50D1D16FB6C00F63762 /* RNCryptor.m */; };
		F5E4A5191D16FB6C00F63762 /* RNCryptorEngine.m in Sources */ = {isa = PBXBuildFile; fileRef = F5E4A50F1D16FB6C00F63762 /* RNCryptorEngine.m */; };
		F5E4A51A1D16FB6C00F63762 /* RNDecryptor.m in Sources */ = {isa = PBXBuildFile; fileRef = F5E4A5111D16FB6C00F63762 /* RNDecryptor.m */; };
		F5E4A51B1D16FB6C00F63762 /* RNEncryptor.m in Sources */ = {isa = PBXBuildFile; fileRef = F5E4A5131D16FB6C00F63762 /* RNEncryptor.m */; };
		F5E4A51C1D16FB6C00F63762 /* Info.plist in Resources */ = {isa = PBXBuildFile; fileRef = F5E4A5151D16FB6C00F63762 /* Info.plist */; };
		F5EBC6B41D185030005630C7 /* superman.mp4 in Resources */ = {isa = PBXBuildFile; fileRef = F5EBC6B31D185030005630C7 /* superman.mp4 */; };
/* End PBXBuildFile section */

/* Begin PBXFileReference section */
		F5E4A4ED1D16F97700F63762 /* LuAESEncryptionOrDecryptionDemo.app */ = {isa = PBXFileReference; explicitFileType = wrapper.application; includeInIndex = 0; path = LuAESEncryptionOrDecryptionDemo.app; sourceTree = BUILT_PRODUCTS_DIR; };
		F5E4A4F11D16F97700F63762 /* main.m */ = {isa = PBXFileReference; lastKnownFileType = sourcecode.c.objc; path = main.m; sourceTree = "<group>"; };
		F5E4A4F31D16F97700F63762 /* AppDelegate.h */ = {isa = PBXFileReference; lastKnownFileType = sourcecode.c.h; path = AppDelegate.h; sourceTree = "<group>"; };
		F5E4A4F41D16F97700F63762 /* AppDelegate.m */ = {isa = PBXFileReference; lastKnownFileType = sourcecode.c.objc; path = AppDelegate.m; sourceTree = "<group>"; };
		F5E4A4F61D16F97700F63762 /* ViewController.h */ = {isa = PBXFileReference; lastKnownFileType = sourcecode.c.h; path = ViewController.h; sourceTree = "<group>"; };
		F5E4A4F71D16F97700F63762 /* ViewController.m */ = {isa = PBXFileReference; lastKnownFileType = sourcecode.c.objc; path = ViewController.m; sourceTree = "<group>"; };
		F5E4A4FA1D16F97700F63762 /* Base */ = {isa = PBXFileReference; lastKnownFileType = file.storyboard; name = Base; path = Base.lproj/Main.storyboard; sourceTree = "<group>"; };
		F5E4A4FC1D16F97700F63762 /* Assets.xcassets */ = {isa = PBXFileReference; lastKnownFileType = folder.assetcatalog; path = Assets.xcassets; sourceTree = "<group>"; };
		F5E4A4FF1D16F97700F63762 /* Base */ = {isa = PBXFileReference; lastKnownFileType = file.storyboard; name = Base; path = Base.lproj/LaunchScreen.storyboard; sourceTree = "<group>"; };
		F5E4A5011D16F97700F63762 /* Info.plist */ = {isa = PBXFileReference; lastKnownFileType = text.plist.xml; path = Info.plist; sourceTree = "<group>"; };
		F5E4A50A1D16FB6C00F63762 /* RNCryptor+Private.h */ = {isa = PBXFileReference; fileEncoding = 4; lastKnownFileType = sourcecode.c.h; path = "RNCryptor+Private.h"; sourceTree = "<group>"; };
		F5E4A50B1D16FB6C00F63762 /* RNCryptor-Prefix.pch */ = {isa = PBXFileReference; fileEncoding = 4; lastKnownFileType = sourcecode.c.h; path = "RNCryptor-Prefix.pch"; sourceTree = "<group>"; };
		F5E4A50C1D16FB6C00F63762 /* RNCryptor.h */ = {isa = PBXFileReference; fileEncoding = 4; lastKnownFileType = sourcecode.c.h; path = RNCryptor.h; sourceTree = "<group>"; };
		F5E4A50D1D16FB6C00F63762 /* RNCryptor.m */ = {isa = PBXFileReference; fileEncoding = 4; lastKnownFileType = sourcecode.c.objc; path = RNCryptor.m; sourceTree = "<group>"; };
		F5E4A50E1D16FB6C00F63762 /* RNCryptorEngine.h */ = {isa = PBXFileReference; fileEncoding = 4; lastKnownFileType = sourcecode.c.h; path = RNCryptorEngine.h; sourceTree = "<group>"; };
		F5E4A50F1D16FB6C00F63762 /* RNCryptorEngine.m */ = {isa = PBXFileReference; fileEncoding = 4; lastKnownFileType = sourcecode.c.objc; path = RNCryptorEngine.m; sourceTree = "<group>"; };
		F5E4A5101D16FB6C00F63762 /* RNDecryptor.h */ = {isa = PBXFileReference; fileEncoding = 4; lastKnownFileType = sourcecode.c.h; path = RNDecryptor.h; sourceTree = "<group>"; };
		F5E4A5111D16FB6C00F63762 /* RNDecryptor.m */ = {isa = PBXFileReference; fileEncoding = 4; lastKnownFileType = sourcecode.c.objc; path = RNDecryptor.m; sourceTree = "<group>"; };
		F5E4A5121D16FB6C00F63762 /* RNEncryptor.h */ = {isa = PBXFileReference; fileEncoding = 4; lastKnownFileType = sourcecode.c.h; path = RNEncryptor.h; sourceTree = "<group>"; };
		F5E4A5131D16FB6C00F63762 /* RNEncryptor.m */ = {isa = PBXFileReference; fileEncoding = 4; lastKnownFileType = sourcecode.c.objc; path = RNEncryptor.m; sourceTree = "<group>"; };
		F5E4A5151D16FB6C00F63762 /* Info.plist */ = {isa = PBXFileReference; fileEncoding = 4; lastKnownFileType = text.plist.xml; path = Info.plist; sourceTree = "<group>"; };
		F5E4A5161D16FB6C00F63762 /* module.modulemap */ = {isa = PBXFileReference; fileEncoding = 4; lastKnownFileType = "sourcecode.module-map"; path = module.modulemap; sourceTree = "<group>"; };
		F5E4A5171D16FB6C00F63762 /* RNCryptor iOS.h */ = {isa = PBXFileReference; fileEncoding = 4; lastKnownFileType = sourcecode.c.h; path = "RNCryptor iOS.h"; sourceTree = "<group>"; };
		F5EBC6B31D185030005630C7 /* superman.mp4 */ = {isa = PBXFileReference; lastKnownFileType = file; name = superman.mp4; path = "RNCryptor iOS/superman.mp4"; sourceTree = "<group>"; };
/* End PBXFileReference section */

/* Begin PBXFrameworksBuildPhase section */
		F5E4A4EA1D16F97700F63762 /* Frameworks */ = {
			isa = PBXFrameworksBuildPhase;
			buildActionMask = 2147483647;
			files = (
			);
			runOnlyForDeploymentPostprocessing = 0;
		};
/* End PBXFrameworksBuildPhase section */

/* Begin PBXGroup section */
		F5E4A4E41D16F97700F63762 = {
			isa = PBXGroup;
			children = (
				F5E4A4EF1D16F97700F63762 /* LuAESEncryptionOrDecryptionDemo */,
				F5E4A4EE1D16F97700F63762 /* Products */,
			);
			sourceTree = "<group>";
		};
		F5E4A4EE1D16F97700F63762 /* Products */ = {
			isa = PBXGroup;
			children = (
				F5E4A4ED1D16F97700F63762 /* LuAESEncryptionOrDecryptionDemo.app */,
			);
			name = Products;
			sourceTree = "<group>";
		};
		F5E4A4EF1D16F97700F63762 /* LuAESEncryptionOrDecryptionDemo */ = {
			isa = PBXGroup;
			children = (
				F5E4A5091D16FB6C00F63762 /* RNCryptor */,
				F5E4A5141D16FB6C00F63762 /* RNCryptor iOS */,
				F5EBC6B31D185030005630C7 /* superman.mp4 */,
				F5E4A4F31D16F97700F63762 /* AppDelegate.h */,
				F5E4A4F41D16F97700F63762 /* AppDelegate.m */,
				F5E4A4F61D16F97700F63762 /* ViewController.h */,
				F5E4A4F71D16F97700F63762 /* ViewController.m */,
				F5E4A4F91D16F97700F63762 /* Main.storyboard */,
				F5E4A4FC1D16F97700F63762 /* Assets.xcassets */,
				F5E4A4FE1D16F97700F63762 /* LaunchScreen.storyboard */,
				F5E4A5011D16F97700F63762 /* Info.plist */,
				F5E4A4F01D16F97700F63762 /* Supporting Files */,
			);
			path = LuAESEncryptionOrDecryptionDemo;
			sourceTree = "<group>";
		};
		F5E4A4F01D16F97700F63762 /* Supporting Files */ = {
			isa = PBXGroup;
			children = (
				F5E4A4F11D16F97700F63762 /* main.m */,
			);
			name = "Supporting Files";
			sourceTree = "<group>";
		};
		F5E4A5091D16FB6C00F63762 /* RNCryptor */ = {
			isa = PBXGroup;
			children = (
				F5E4A50A1D16FB6C00F63762 /* RNCryptor+Private.h */,
				F5E4A50B1D16FB6C00F63762 /* RNCryptor-Prefix.pch */,
				F5E4A50C1D16FB6C00F63762 /* RNCryptor.h */,
				F5E4A50D1D16FB6C00F63762 /* RNCryptor.m */,
				F5E4A50E1D16FB6C00F63762 /* RNCryptorEngine.h */,
				F5E4A50F1D16FB6C00F63762 /* RNCryptorEngine.m */,
				F5E4A5101D16FB6C00F63762 /* RNDecryptor.h */,
				F5E4A5111D16FB6C00F63762 /* RNDecryptor.m */,
				F5E4A5121D16FB6C00F63762 /* RNEncryptor.h */,
				F5E4A5131D16FB6C00F63762 /* RNEncryptor.m */,
			);
			path = RNCryptor;
			sourceTree = "<group>";
		};
		F5E4A5141D16FB6C00F63762 /* RNCryptor iOS */ = {
			isa = PBXGroup;
			children = (
				F5E4A5151D16FB6C00F63762 /* Info.plist */,
				F5E4A5161D16FB6C00F63762 /* module.modulemap */,
				F5E4A5171D16FB6C00F63762 /* RNCryptor iOS.h */,
			);
			path = "RNCryptor iOS";
			sourceTree = "<group>";
		};
/* End PBXGroup section */

/* Begin PBXNativeTarget section */
		F5E4A4EC1D16F97700F63762 /* LuAESEncryptionOrDecryptionDemo */ = {
			isa = PBXNativeTarget;
			buildConfigurationList = F5E4A5041D16F97700F63762 /* Build configuration list for PBXNativeTarget "LuAESEncryptionOrDecryptionDemo" */;
			buildPhases = (
				F5E4A4E91D16F97700F63762 /* Sources */,
				F5E4A4EA1D16F97700F63762 /* Frameworks */,
				F5E4A4EB1D16F97700F63762 /* Resources */,
			);
			buildRules = (
			);
			dependencies = (
			);
			name = LuAESEncryptionOrDecryptionDemo;
			productName = LuAESEncryptionOrDecryptionDemo;
			productReference = F5E4A4ED1D16F97700F63762 /* LuAESEncryptionOrDecryptionDemo.app */;
			productType = "com.apple.product-type.application";
		};
/* End PBXNativeTarget section */

/* Begin PBXProject section */
		F5E4A4E51D16F97700F63762 /* Project object */ = {
			isa = PBXProject;
			attributes = {
				LastUpgradeCheck = 0730;
				ORGANIZATIONNAME = RamboLu;
				TargetAttributes = {
					F5E4A4EC1D16F97700F63762 = {
						CreatedOnToolsVersion = 7.3.1;
						DevelopmentTeam = 2AS8FW5X2H;
					};
				};
			};
			buildConfigurationList = F5E4A4E81D16F97700F63762 /* Build configuration list for PBXProject "LuAESEncryptionOrDecryptionDemo" */;
			compatibilityVersion = "Xcode 3.2";
			developmentRegion = English;
			hasScannedForEncodings = 0;
			knownRegions = (
				en,
				Base,
			);
			mainGroup = F5E4A4E41D16F97700F63762;
			productRefGroup = F5E4A4EE1D16F97700F63762 /* Products */;
			projectDirPath = "";
			projectRoot = "";
			targets = (
				F5E4A4EC1D16F97700F63762 /* LuAESEncryptionOrDecryptionDemo */,
			);
		};
/* End PBXProject section */

/* Begin PBXResourcesBuildPhase section */
		F5E4A4EB1D16F97700F63762 /* Resources */ = {
			isa = PBXResourcesBuildPhase;
			buildActionMask = 2147483647;
			files = (
				F5E4A5001D16F97700F63762 /* LaunchScreen.storyboard in Resources */,
				F5E4A4FD1D16F97700F63762 /* Assets.xcassets in Resources */,
				F5E4A51C1D16FB6C00F63762 /* Info.plist in Resources */,
				F5EBC6B41D185030005630C7 /* superman.mp4 in Resources */,
				F5E4A4FB1D16F97700F63762 /* Main.storyboard in Resources */,
			);
			runOnlyForDeploymentPostprocessing = 0;
		};
/* End PBXResourcesBuildPhase section */

/* Begin PBXSourcesBuildPhase section */
		F5E4A4E91D16F97700F63762 /* Sources */ = {
			isa = PBXSourcesBuildPhase;
			buildActionMask = 2147483647;
			files = (
				F5E4A51B1D16FB6C00F63762 /* RNEncryptor.m in Sources */,
				F5E4A4F81D16F97700F63762 /* ViewController.m in Sources */,
				F5E4A5181D16FB6C00F63762 /* RNCryptor.m in Sources */,
				F5E4A4F51D16F97700F63762 /* AppDelegate.m in Sources */,
				F5E4A5191D16FB6C00F63762 /* RNCryptorEngine.m in Sources */,
				F5E4A51A1D16FB6C00F63762 /* RNDecryptor.m in Sources */,
				F5E4A4F21D16F97700F63762 /* main.m in Sources */,
			);
			runOnlyForDeploymentPostprocessing = 0;
		};
/* End PBXSourcesBuildPhase section */

/* Begin PBXVariantGroup section */
		F5E4A4F91D16F97700F63762 /* Main.storyboard */ = {
			isa = PBXVariantGroup;
			children = (
				F5E4A4FA1D16F97700F63762 /* Base */,
			);
			name = Main.storyboard;
			sourceTree = "<group>";
		};
		F5E4A4FE1D16F97700F63762 /* LaunchScreen.storyboard */ = {
			isa = PBXVariantGroup;
			children = (
				F5E4A4FF1D16F97700F63762 /* Base */,
			);
			name = LaunchScreen.storyboard;
			sourceTree = "<group>";
		};
/* End PBXVariantGroup section */

/* Begin XCBuildConfiguration section */
		F5E4A5021D16F97700F63762 /* Debug */ = {
			isa = XCBuildConfiguration;
			buildSettings = {
				ALWAYS_SEARCH_USER_PATHS = NO;
				CLANG_ANALYZER_NONNULL = YES;
				CLANG_CXX_LANGUAGE_STANDARD = "gnu++0x";
				CLANG_CXX_LIBRARY = "libc++";
				CLANG_ENABLE_MODULES = YES;
				CLANG_ENABLE_OBJC_ARC = YES;
				CLANG_WARN_BOOL_CONVERSION = YES;
				CLANG_WARN_CONSTANT_CONVERSION = YES;
				CLANG_WARN_DIRECT_OBJC_ISA_USAGE = YES_ERROR;
				CLANG_WARN_EMPTY_BODY = YES;
				CLANG_WARN_ENUM_CONVERSION = YES;
				CLANG_WARN_INT_CONVERSION = YES;
				CLANG_WARN_OBJC_ROOT_CLASS = YES_ERROR;
				CLANG_WARN_UNREACHABLE_CODE = YES;
				CLANG_WARN__DUPLICATE_METHOD_MATCH = YES;
				"CODE_SIGN_IDENTITY[sdk=iphoneos*]" = "iPhone Developer";
				COPY_PHASE_STRIP = NO;
				DEBUG_INFORMATION_FORMAT = dwarf;
				ENABLE_STRICT_OBJC_MSGSEND = YES;
				ENABLE_TESTABILITY = YES;
				GCC_C_LANGUAGE_STANDARD = gnu99;
				GCC_DYNAMIC_NO_PIC = NO;
				GCC_NO_COMMON_BLOCKS = YES;
				GCC_OPTIMIZATION_LEVEL = 0;
				GCC_PREPROCESSOR_DEFINITIONS = (
					"DEBUG=1",
					"$(inherited)",
				);
				GCC_WARN_64_TO_32_BIT_CONVERSION = YES;
				GCC_WARN_ABOUT_RETURN_TYPE = YES_ERROR;
				GCC_WARN_UNDECLARED_SELECTOR = YES;
				GCC_WARN_UNINITIALIZED_AUTOS = YES_AGGRESSIVE;
				GCC_WARN_UNUSED_FUNCTION = YES;
				GCC_WARN_UNUSED_VARIABLE = YES;
				IPHONEOS_DEPLOYMENT_TARGET = 9.3;
				MTL_ENABLE_DEBUG_INFO = YES;
				ONLY_ACTIVE_ARCH = YES;
				SDKROOT = iphoneos;
				TARGETED_DEVICE_FAMILY = "1,2";
			};
			name = Debug;
		};
		F5E4A5031D16F97700F63762 /* Release */ = {
			isa = XCBuildConfiguration;
			buildSettings = {
				ALWAYS_SEARCH_USER_PATHS = NO;
				CLANG_ANALYZER_NONNULL = YES;
				CLANG_CXX_LANGUAGE_STANDARD = "gnu++0x";
				CLANG_CXX_LIBRARY = "libc++";
				CLANG_ENABLE_MODULES = YES;
				CLANG_ENABLE_OBJC_ARC = YES;
				CLANG_WARN_BOOL_CONVERSION = YES;
				CLANG_WARN_CONSTANT_CONVERSION = YES;
				CLANG_WARN_DIRECT_OBJC_ISA_USAGE = YES_ERROR;
				CLANG_WARN_EMPTY_BODY = YES;
				CLANG_WARN_ENUM_CONVERSION = YES;
				CLANG_WARN_INT_CONVERSION = YES;
				CLANG_WARN_OBJC_ROOT_CLASS = YES_ERROR;
				CLANG_WARN_UNREACHABLE_CODE = YES;
				CLANG_WARN__DUPLICATE_METHOD_MATCH = YES;
				"CODE_SIGN_IDENTITY[sdk=iphoneos*]" = "iPhone Developer";
				COPY_PHASE_STRIP = NO;
				DEBUG_INFORMATION_FORMAT = "dwarf-with-dsym";
				ENABLE_NS_ASSERTIONS = NO;
				ENABLE_STRICT_OBJC_MSGSEND = YES;
				GCC_C_LANGUAGE_STANDARD = gnu99;
				GCC_NO_COMMON_BLOCKS = YES;
				GCC_WARN_64_TO_32_BIT_CONVERSION = YES;
				GCC_WARN_ABOUT_RETURN_TYPE = YES_ERROR;
				GCC_WARN_UNDECLARED_SELECTOR = YES;
				GCC_WARN_UNINITIALIZED_AUTOS = YES_AGGRESSIVE;
				GCC_WARN_UNUSED_FUNCTION = YES;
				GCC_WARN_UNUSED_VARIABLE = YES;
				IPHONEOS_DEPLOYMENT_TARGET = 9.3;
				MTL_ENABLE_DEBUG_INFO = NO;
				SDKROOT = iphoneos;
				TARGETED_DEVICE_FAMILY = "1,2";
				VALIDATE_PRODUCT = YES;
			};
			name = Release;
		};
		F5E4A5051D16F97700F63762 /* Debug */ = {
			isa = XCBuildConfiguration;
			buildSettings = {
				ASSETCATALOG_COMPILER_APPICON_NAME = AppIcon;
				CODE_SIGN_IDENTITY = "iPhone Developer";
				"CODE_SIGN_IDENTITY[sdk=iphoneos*]" = "iPhone Developer";
				INFOPLIST_FILE = LuAESEncryptionOrDecryptionDemo/Info.plist;
				LD_RUNPATH_SEARCH_PATHS = "$(inherited) @executable_path/Frameworks";
				PRODUCT_BUNDLE_IDENTIFIER = RamboLu.LuAESEncryptionOrDecryptionDemo;
				PRODUCT_NAME = "$(TARGET_NAME)";
				PROVISIONING_PROFILE = "";
			};
			name = Debug;
		};
		F5E4A5061D16F97700F63762 /* Release */ = {
			isa = XCBuildConfiguration;
			buildSettings = {
				ASSETCATALOG_COMPILER_APPICON_NAME = AppIcon;
				CODE_SIGN_IDENTITY = "iPhone Developer";
				"CODE_SIGN_IDENTITY[sdk=iphoneos*]" = "iPhone Developer";
				INFOPLIST_FILE = LuAESEncryptionOrDecryptionDemo/Info.plist;
				LD_RUNPATH_SEARCH_PATHS = "$(inherited) @executable_path/Frameworks";
				PRODUCT_BUNDLE_IDENTIFIER = RamboLu.LuAESEncryptionOrDecryptionDemo;
				PRODUCT_NAME = "$(TARGET_NAME)";
				PROVISIONING_PROFILE = "";
			};
			name = Release;
		};
/* End XCBuildConfiguration section */

/* Begin XCConfigurationList section */
		F5E4A4E81D16F97700F63762 /* Build configuration list for PBXProject "LuAESEncryptionOrDecryptionDemo" */ = {
			isa = XCConfigurationList;
			buildConfigurations = (
				F5E4A5021D16F97700F63762 /* Debug */,
				F5E4A5031D16F97700F63762 /* Release */,
			);
			defaultConfigurationIsVisible = 0;
			defaultConfigurationName = Release;
		};
		F5E4A5041D16F97700F63762 /* Build configuration list for PBXNativeTarget "LuAESEncryptionOrDecryptionDemo" */ = {
			isa = XCConfigurationList;
			buildConfigurations = (
				F5E4A5051D16F97700F63762 /* Debug */,
				F5E4A5061D16F97700F63762 /* Release */,
			);
			defaultConfigurationIsVisible = 0;
			defaultConfigurationName = Release;
		};
/* End XCConfigurationList section */
	};
	rootObject = F5E4A4E51D16F97700F63762 /* Project object */;
}
